
Microsoft Visual Studio Solution File, Format Version 11.00
# Visual Studio 2010
Project("{FAE04EC0-301F-11D3-BF4B-00C04F79EFBC}") = "WorldEditor", "WorldEditor.csproj", "{30C07BBE-59EA-4D16-ADFE-B73061CD78B8}"
EndProject
Project("{FAE04EC0-301F-11D3-BF4B-00C04F79EFBC}") = "FOCommon", "..\FOCommon\FOCommon.csproj", "{D53538FB-D9E6-4FE7-9E19-E2EF4330D81E}"
EndProject
Project("{FAE04EC0-301F-11D3-BF4B-00C04F79EFBC}") = "ScriptHost", "..\ScriptHost\ScriptHost.csproj", "{C3A00B4A-96DC-436F-8F7B-C0D71D644545}"
EndProject
Global
	GlobalSection(SolutionConfigurationPlatforms) = preSolution
		Debug|Any CPU = Debug|Any CPU
		Release|Any CPU = Release|Any CPU
	EndGlobalSection
	GlobalSection(ProjectConfigurationPlatforms) = postSolution
		{30C07BBE-59EA-4D16-ADFE-B73061CD78B8}.Debug|Any CPU.ActiveCfg = Debug|Any CPU
		{30C07BBE-59EA-4D16-ADFE-B73061CD78B8}.Debug|Any CPU.Build.0 = Debug|Any CPU
		{30C07BBE-59EA-4D16-ADFE-B73061CD78B8}.Release|Any CPU.ActiveCfg = Release|Any CPU
		{30C07BBE-59EA-4D16-ADFE-B73061CD78B8}.Release|Any CPU.Build.0 = Release|Any CPU
		{D53538FB-D9E6-4FE7-9E19-E2EF4330D81E}.Debug|Any CPU.ActiveCfg = Debug|Any CPU
		{D53538FB-D9E6-4FE7-9E19-E2EF4330D81E}.Debug|Any CPU.Build.0 = Debug|Any CPU
		{D53538FB-D9E6-4FE7-9E19-E2EF4330D81E}.Release|Any CPU.ActiveCfg = Release|Any CPU
		{D53538FB-D9E6-4FE7-9E19-E2EF4330D81E}.Release|Any CPU.Build.0 = Release|Any CPU
		{C3A00B4A-96DC-436F-8F7B-C0D71D644545}.Debug|Any CPU.ActiveCfg = Debug|Any CPU
		{C3A00B4A-96DC-436F-8F7B-C0D71D644545}.Debug|Any CPU.Build.0 = Debug|Any CPU
		{C3A00B4A-96DC-436F-8F7B-C0D71D644545}.Release|Any CPU.ActiveCfg = Release|Any CPU
		{C3A00B4A-96DC-436F-8F7B-C0D71D644545}.Release|Any CPU.Build.0 = Release|Any CPU
	EndGlobalSection
	GlobalSection(SolutionProperties) = preSolution
		HideSolutionNode = FALSE
	EndGlobalSection
EndGlobal
